
Microsoft Visual Studio Solution File, Format Version 12.00
# Visual Studio 15
VisualStudioVersion = 15.0.26430.16
MinimumVisualStudioVersion = 10.0.40219.1
Project("{FAE04EC0-301F-11D3-BF4B-00C04F79EFBC}") = "AffirmationBar.Android", "AffirmationBar\AffirmationBar\AffirmationBar.Android\AffirmationBar.Android.csproj", "{71454939-B954-407B-BBE3-463A1C00EA74}"
EndProject
Project("{FAE04EC0-301F-11D3-BF4B-00C04F79EFBC}") = "AffirmationBar", "AffirmationBar\AffirmationBar\AffirmationBar\AffirmationBar.csproj", "{08DDFAB9-35E1-4570-BECA-2BEE74464C29}"
EndProject
Project("{FAE04EC0-301F-11D3-BF4B-00C04F79EFBC}") = "AffirmationBar.UWP", "AffirmationBar\AffirmationBar\AffirmationBar.UWP\AffirmationBar.UWP.csproj", "{0A742271-2A11-438A-ACEF-17F5D37BC5B9}"
EndProject
Project("{FAE04EC0-301F-11D3-BF4B-00C04F79EFBC}") = "AffirmationBar.iOS", "AffirmationBar\AffirmationBar\AffirmationBar.iOS\AffirmationBar.iOS.csproj", "{3E41F0AB-1AED-4A8E-8500-BDAA078E877A}"
EndProject
Global
	GlobalSection(SolutionConfigurationPlatforms) = preSolution
		Ad-Hoc|Any CPU = Ad-Hoc|Any CPU
		Ad-Hoc|ARM = Ad-Hoc|ARM
		Ad-Hoc|iPhone = Ad-Hoc|iPhone
		Ad-Hoc|iPhoneSimulator = Ad-Hoc|iPhoneSimulator
		Ad-Hoc|x64 = Ad-Hoc|x64
		Ad-Hoc|x86 = Ad-Hoc|x86
		AppStore|Any CPU = AppStore|Any CPU
		AppStore|ARM = AppStore|ARM
		AppStore|iPhone = AppStore|iPhone
		AppStore|iPhoneSimulator = AppStore|iPhoneSimulator
		AppStore|x64 = AppStore|x64
		AppStore|x86 = AppStore|x86
		Debug|Any CPU = Debug|Any CPU
		Debug|ARM = Debug|ARM
		Debug|iPhone = Debug|iPhone
		Debug|iPhoneSimulator = Debug|iPhoneSimulator
		Debug|x64 = Debug|x64
		Debug|x86 = Debug|x86
		Release|Any CPU = Release|Any CPU
		Release|ARM = Release|ARM
		Release|iPhone = Release|iPhone
		Release|iPhoneSimulator = Release|iPhoneSimulator
		Release|x64 = Release|x64
		Release|x86 = Release|x86
	EndGlobalSection
	GlobalSection(ProjectConfigurationPlatforms) = postSolution
		{71454939-B954-407B-BBE3-463A1C00EA74}.Ad-Hoc|Any CPU.ActiveCfg = Release|Any CPU
		{71454939-B954-407B-BBE3-463A1C00EA74}.Ad-Hoc|Any CPU.Build.0 = Release|Any CPU
		{71454939-B954-407B-BBE3-463A1C00EA74}.Ad-Hoc|Any CPU.Deploy.0 = Release|Any CPU
		{71454939-B954-407B-BBE3-463A1C00EA74}.Ad-Hoc|ARM.ActiveCfg = Release|Any CPU
		{71454939-B954-407B-BBE3-463A1C00EA74}.Ad-Hoc|ARM.Build.0 = Release|Any CPU
		{71454939-B954-407B-BBE3-463A1C00EA74}.Ad-Hoc|ARM.Deploy.0 = Release|Any CPU
		{71454939-B954-407B-BBE3-463A1C00EA74}.Ad-Hoc|iPhone.ActiveCfg = Release|Any CPU
		{71454939-B954-407B-BBE3-463A1C00EA74}.Ad-Hoc|iPhone.Build.0 = Release|Any CPU
		{71454939-B954-407B-BBE3-463A1C00EA74}.Ad-Hoc|iPhone.Deploy.0 = Release|Any CPU
		{71454939-B954-407B-BBE3-463A1C00EA74}.Ad-Hoc|iPhoneSimulator.ActiveCfg = Release|Any CPU
		{71454939-B954-407B-BBE3-463A1C00EA74}.Ad-Hoc|iPhoneSimulator.Build.0 = Release|Any CPU
		{71454939-B954-407B-BBE3-463A1C00EA74}.Ad-Hoc|iPhoneSimulator.Deploy.0 = Release|Any CPU
		{71454939-B954-407B-BBE3-463A1C00EA74}.Ad-Hoc|x64.ActiveCfg = Release|Any CPU
		{71454939-B954-407B-BBE3-463A1C00EA74}.Ad-Hoc|x64.Build.0 = Release|Any CPU
		{71454939-B954-407B-BBE3-463A1C00EA74}.Ad-Hoc|x64.Deploy.0 = Release|Any CPU
		{71454939-B954-407B-BBE3-463A1C00EA74}.Ad-Hoc|x86.ActiveCfg = Release|Any CPU
		{71454939-B954-407B-BBE3-463A1C00EA74}.Ad-Hoc|x86.Build.0 = Release|Any CPU
		{71454939-B954-407B-BBE3-463A1C00EA74}.Ad-Hoc|x86.Deploy.0 = Release|Any CPU
		{71454939-B954-407B-BBE3-463A1C00EA74}.AppStore|Any CPU.ActiveCfg = Release|Any CPU
		{71454939-B954-407B-BBE3-463A1C00EA74}.AppStore|Any CPU.Build.0 = Release|Any CPU
		{71454939-B954-407B-BBE3-463A1C00EA74}.AppStore|Any CPU.Deploy.0 = Release|Any CPU
		{71454939-B954-407B-BBE3-463A1C00EA74}.AppStore|ARM.ActiveCfg = Release|Any CPU
		{71454939-B954-407B-BBE3-463A1C00EA74}.AppStore|ARM.Build.0 = Release|Any CPU
		{71454939-B954-407B-BBE3-463A1C00EA74}.AppStore|ARM.Deploy.0 = Release|Any CPU
		{71454939-B954-407B-BBE3-463A1C00EA74}.AppStore|iPhone.ActiveCfg = Release|Any CPU
		{71454939-B954-407B-BBE3-463A1C00EA74}.AppStore|iPhone.Build.0 = Release|Any CPU
		{71454939-B954-407B-BBE3-463A1C00EA74}.AppStore|iPhone.Deploy.0 = Release|Any CPU
		{71454939-B954-407B-BBE3-463A1C00EA74}.AppStore|iPhoneSimulator.ActiveCfg = Release|Any CPU
		{71454939-B954-407B-BBE3-463A1C00EA74}.AppStore|iPhoneSimulator.Build.0 = Release|Any CPU
		{71454939-B954-407B-BBE3-463A1C00EA74}.AppStore|iPhoneSimulator.Deploy.0 = Release|Any CPU
		{71454939-B954-407B-BBE3-463A1C00EA74}.AppStore|x64.ActiveCfg = Release|Any CPU
		{71454939-B954-407B-BBE3-463A1C00EA74}.AppStore|x64.Build.0 = Release|Any CPU
		{71454939-B954-407B-BBE3-463A1C00EA74}.AppStore|x64.Deploy.0 = Release|Any CPU
		{71454939-B954-407B-BBE3-463A1C00EA74}.AppStore|x86.ActiveCfg = Release|Any CPU
		{71454939-B954-407B-BBE3-463A1C00EA74}.AppStore|x86.Build.0 = Release|Any CPU
		{71454939-B954-407B-BBE3-463A1C00EA74}.AppStore|x86.Deploy.0 = Release|Any CPU
		{71454939-B954-407B-BBE3-463A1C00EA74}.Debug|Any CPU.ActiveCfg = Debug|Any CPU
		{71454939-B954-407B-BBE3-463A1C00EA74}.Debug|Any CPU.Build.0 = Debug|Any CPU
		{71454939-B954-407B-BBE3-463A1C00EA74}.Debug|Any CPU.Deploy.0 = Debug|Any CPU
		{71454939-B954-407B-BBE3-463A1C00EA74}.Debug|ARM.ActiveCfg = Debug|Any CPU
		{71454939-B954-407B-BBE3-463A1C00EA74}.Debug|ARM.Build.0 = Debug|Any CPU
		{71454939-B954-407B-BBE3-463A1C00EA74}.Debug|ARM.Deploy.0 = Debug|Any CPU
		{71454939-B954-407B-BBE3-463A1C00EA74}.Debug|iPhone.ActiveCfg = Debug|Any CPU
		{71454939-B954-407B-BBE3-463A1C00EA74}.Debug|iPhone.Build.0 = Debug|Any CPU
		{71454939-B954-407B-BBE3-463A1C00EA74}.Debug|iPhone.Deploy.0 = Debug|Any CPU
		{71454939-B954-407B-BBE3-463A1C00EA74}.Debug|iPhoneSimulator.ActiveCfg = Debug|Any CPU
		{71454939-B954-407B-BBE3-463A1C00EA74}.Debug|iPhoneSimulator.Build.0 = Debug|Any CPU
		{71454939-B954-407B-BBE3-463A1C00EA74}.Debug|iPhoneSimulator.Deploy.0 = Debug|Any CPU
		{71454939-B954-407B-BBE3-463A1C00EA74}.Debug|x64.ActiveCfg = Debug|Any CPU
		{71454939-B954-407B-BBE3-463A1C00EA74}.Debug|x64.Build.0 = Debug|Any CPU
		{71454939-B954-407B-BBE3-463A1C00EA74}.Debug|x64.Deploy.0 = Debug|Any CPU
		{71454939-B954-407B-BBE3-463A1C00EA74}.Debug|x86.ActiveCfg = Debug|Any CPU
		{71454939-B954-407B-BBE3-463A1C00EA74}.Debug|x86.Build.0 = Debug|Any CPU
		{71454939-B954-407B-BBE3-463A1C00EA74}.Debug|x86.Deploy.0 = Debug|Any CPU
		{71454939-B954-407B-BBE3-463A1C00EA74}.Release|Any CPU.ActiveCfg = Release|Any CPU
		{71454939-B954-407B-BBE3-463A1C00EA74}.Release|Any CPU.Build.0 = Release|Any CPU
		{71454939-B954-407B-BBE3-463A1C00EA74}.Release|Any CPU.Deploy.0 = Release|Any CPU
		{71454939-B954-407B-BBE3-463A1C00EA74}.Release|ARM.ActiveCfg = Release|Any CPU
		{71454939-B954-407B-BBE3-463A1C00EA74}.Release|ARM.Build.0 = Release|Any CPU
		{71454939-B954-407B-BBE3-463A1C00EA74}.Release|ARM.Deploy.0 = Release|Any CPU
		{71454939-B954-407B-BBE3-463A1C00EA74}.Release|iPhone.ActiveCfg = Release|Any CPU
		{71454939-B954-407B-BBE3-463A1C00EA74}.Release|iPhone.Build.0 = Release|Any CPU
		{71454939-B954-407B-BBE3-463A1C00EA74}.Release|iPhone.Deploy.0 = Release|Any CPU
		{71454939-B954-407B-BBE3-463A1C00EA74}.Release|iPhoneSimulator.ActiveCfg = Release|Any CPU
		{71454939-B954-407B-BBE3-463A1C00EA74}.Release|iPhoneSimulator.Build.0 = Release|Any CPU
		{71454939-B954-407B-BBE3-463A1C00EA74}.Release|iPhoneSimulator.Deploy.0 = Release|Any CPU
		{71454939-B954-407B-BBE3-463A1C00EA74}.Release|x64.ActiveCfg = Release|Any CPU
		{71454939-B954-407B-BBE3-463A1C00EA74}.Release|x64.Build.0 = Release|Any CPU
		{71454939-B954-407B-BBE3-463A1C00EA74}.Release|x64.Deploy.0 = Release|Any CPU
		{71454939-B954-407B-BBE3-463A1C00EA74}.Release|x86.ActiveCfg = Release|Any CPU
		{71454939-B954-407B-BBE3-463A1C00EA74}.Release|x86.Build.0 = Release|Any CPU
		{71454939-B954-407B-BBE3-463A1C00EA74}.Release|x86.Deploy.0 = Release|Any CPU
		{08DDFAB9-35E1-4570-BECA-2BEE74464C29}.Ad-Hoc|Any CPU.ActiveCfg = Release|Any CPU
		{08DDFAB9-35E1-4570-BECA-2BEE74464C29}.Ad-Hoc|Any CPU.Build.0 = Release|Any CPU
		{08DDFAB9-35E1-4570-BECA-2BEE74464C29}.Ad-Hoc|ARM.ActiveCfg = Release|Any CPU
		{08DDFAB9-35E1-4570-BECA-2BEE74464C29}.Ad-Hoc|ARM.Build.0 = Release|Any CPU
		{08DDFAB9-35E1-4570-BECA-2BEE74464C29}.Ad-Hoc|iPhone.ActiveCfg = Release|Any CPU
		{08DDFAB9-35E1-4570-BECA-2BEE74464C29}.Ad-Hoc|iPhone.Build.0 = Release|Any CPU
		{08DDFAB9-35E1-4570-BECA-2BEE74464C29}.Ad-Hoc|iPhoneSimulator.ActiveCfg = Release|Any CPU
		{08DDFAB9-35E1-4570-BECA-2BEE74464C29}.Ad-Hoc|iPhoneSimulator.Build.0 = Release|Any CPU
		{08DDFAB9-35E1-4570-BECA-2BEE74464C29}.Ad-Hoc|x64.ActiveCfg = Release|Any CPU
		{08DDFAB9-35E1-4570-BECA-2BEE74464C29}.Ad-Hoc|x64.Build.0 = Release|Any CPU
		{08DDFAB9-35E1-4570-BECA-2BEE74464C29}.Ad-Hoc|x86.ActiveCfg = Release|Any CPU
		{08DDFAB9-35E1-4570-BECA-2BEE74464C29}.Ad-Hoc|x86.Build.0 = Release|Any CPU
		{08DDFAB9-35E1-4570-BECA-2BEE74464C29}.AppStore|Any CPU.ActiveCfg = Release|Any CPU
		{08DDFAB9-35E1-4570-BECA-2BEE74464C29}.AppStore|Any CPU.Build.0 = Release|Any CPU
		{08DDFAB9-35E1-4570-BECA-2BEE74464C29}.AppStore|ARM.ActiveCfg = Release|Any CPU
		{08DDFAB9-35E1-4570-BECA-2BEE74464C29}.AppStore|ARM.Build.0 = Release|Any CPU
		{08DDFAB9-35E1-4570-BECA-2BEE74464C29}.AppStore|iPhone.ActiveCfg = Release|Any CPU
		{08DDFAB9-35E1-4570-BECA-2BEE74464C29}.AppStore|iPhone.Build.0 = Release|Any CPU
		{08DDFAB9-35E1-4570-BECA-2BEE74464C29}.AppStore|iPhoneSimulator.ActiveCfg = Release|Any CPU
		{08DDFAB9-35E1-4570-BECA-2BEE74464C29}.AppStore|iPhoneSimulator.Build.0 = Release|Any CPU
		{08DDFAB9-35E1-4570-BECA-2BEE74464C29}.AppStore|x64.ActiveCfg = Release|Any CPU
		{08DDFAB9-35E1-4570-BECA-2BEE74464C29}.AppStore|x64.Build.0 = Release|Any CPU
		{08DDFAB9-35E1-4570-BECA-2BEE74464C29}.AppStore|x86.ActiveCfg = Release|Any CPU
		{08DDFAB9-35E1-4570-BECA-2BEE74464C29}.AppStore|x86.Build.0 = Release|Any CPU
		{08DDFAB9-35E1-4570-BECA-2BEE74464C29}.Debug|Any CPU.ActiveCfg = Debug|Any CPU
		{08DDFAB9-35E1-4570-BECA-2BEE74464C29}.Debug|Any CPU.Build.0 = Debug|Any CPU
		{08DDFAB9-35E1-4570-BECA-2BEE74464C29}.Debug|ARM.ActiveCfg = Debug|Any CPU
		{08DDFAB9-35E1-4570-BECA-2BEE74464C29}.Debug|ARM.Build.0 = Debug|Any CPU
		{08DDFAB9-35E1-4570-BECA-2BEE74464C29}.Debug|iPhone.ActiveCfg = Debug|Any CPU
		{08DDFAB9-35E1-4570-BECA-2BEE74464C29}.Debug|iPhone.Build.0 = Debug|Any CPU
		{08DDFAB9-35E1-4570-BECA-2BEE74464C29}.Debug|iPhoneSimulator.ActiveCfg = Debug|Any CPU
		{08DDFAB9-35E1-4570-BECA-2BEE74464C29}.Debug|iPhoneSimulator.Build.0 = Debug|Any CPU
		{08DDFAB9-35E1-4570-BECA-2BEE74464C29}.Debug|x64.ActiveCfg = Debug|Any CPU
		{08DDFAB9-35E1-4570-BECA-2BEE74464C29}.Debug|x64.Build.0 = Debug|Any CPU
		{08DDFAB9-35E1-4570-BECA-2BEE74464C29}.Debug|x86.ActiveCfg = Debug|Any CPU
		{08DDFAB9-35E1-4570-BECA-2BEE74464C29}.Debug|x86.Build.0 = Debug|Any CPU
		{08DDFAB9-35E1-4570-BECA-2BEE74464C29}.Release|Any CPU.ActiveCfg = Release|Any CPU
		{08DDFAB9-35E1-4570-BECA-2BEE74464C29}.Release|Any CPU.Build.0 = Release|Any CPU
		{08DDFAB9-35E1-4570-BECA-2BEE74464C29}.Release|ARM.ActiveCfg = Release|Any CPU
		{08DDFAB9-35E1-4570-BECA-2BEE74464C29}.Release|ARM.Build.0 = Release|Any CPU
		{08DDFAB9-35E1-4570-BECA-2BEE74464C29}.Release|iPhone.ActiveCfg = Release|Any CPU
		{08DDFAB9-35E1-4570-BECA-2BEE74464C29}.Release|iPhone.Build.0 = Release|Any CPU
		{08DDFAB9-35E1-4570-BECA-2BEE74464C29}.Release|iPhoneSimulator.ActiveCfg = Release|Any CPU
		{08DDFAB9-35E1-4570-BECA-2BEE74464C29}.Release|iPhoneSimulator.Build.0 = Release|Any CPU
		{08DDFAB9-35E1-4570-BECA-2BEE74464C29}.Release|x64.ActiveCfg = Release|Any CPU
		{08DDFAB9-35E1-4570-BECA-2BEE74464C29}.Release|x64.Build.0 = Release|Any CPU
		{08DDFAB9-35E1-4570-BECA-2BEE74464C29}.Release|x86.ActiveCfg = Release|Any CPU
		{08DDFAB9-35E1-4570-BECA-2BEE74464C29}.Release|x86.Build.0 = Release|Any CPU
		{0A742271-2A11-438A-ACEF-17F5D37BC5B9}.Ad-Hoc|Any CPU.ActiveCfg = Release|x86
		{0A742271-2A11-438A-ACEF-17F5D37BC5B9}.Ad-Hoc|Any CPU.Build.0 = Release|x86
		{0A742271-2A11-438A-ACEF-17F5D37BC5B9}.Ad-Hoc|Any CPU.Deploy.0 = Release|x86
		{0A742271-2A11-438A-ACEF-17F5D37BC5B9}.Ad-Hoc|ARM.ActiveCfg = Release|ARM
		{0A742271-2A11-438A-ACEF-17F5D37BC5B9}.Ad-Hoc|ARM.Build.0 = Release|ARM
		{0A742271-2A11-438A-ACEF-17F5D37BC5B9}.Ad-Hoc|ARM.Deploy.0 = Release|ARM
		{0A742271-2A11-438A-ACEF-17F5D37BC5B9}.Ad-Hoc|iPhone.ActiveCfg = Release|x86
		{0A742271-2A11-438A-ACEF-17F5D37BC5B9}.Ad-Hoc|iPhone.Build.0 = Release|x86
		{0A742271-2A11-438A-ACEF-17F5D37BC5B9}.Ad-Hoc|iPhone.Deploy.0 = Release|x86
		{0A742271-2A11-438A-ACEF-17F5D37BC5B9}.Ad-Hoc|iPhoneSimulator.ActiveCfg = Release|x86
		{0A742271-2A11-438A-ACEF-17F5D37BC5B9}.Ad-Hoc|iPhoneSimulator.Build.0 = Release|x86
		{0A742271-2A11-438A-ACEF-17F5D37BC5B9}.Ad-Hoc|iPhoneSimulator.Deploy.0 = Release|x86
		{0A742271-2A11-438A-ACEF-17F5D37BC5B9}.Ad-Hoc|x64.ActiveCfg = Release|x64
		{0A742271-2A11-438A-ACEF-17F5D37BC5B9}.Ad-Hoc|x64.Build.0 = Release|x64
		{0A742271-2A11-438A-ACEF-17F5D37BC5B9}.Ad-Hoc|x64.Deploy.0 = Release|x64
		{0A742271-2A11-438A-ACEF-17F5D37BC5B9}.Ad-Hoc|x86.ActiveCfg = Release|x86
		{0A742271-2A11-438A-ACEF-17F5D37BC5B9}.Ad-Hoc|x86.Build.0 = Release|x86
		{0A742271-2A11-438A-ACEF-17F5D37BC5B9}.Ad-Hoc|x86.Deploy.0 = Release|x86
		{0A742271-2A11-438A-ACEF-17F5D37BC5B9}.AppStore|Any CPU.ActiveCfg = Release|x86
		{0A742271-2A11-438A-ACEF-17F5D37BC5B9}.AppStore|Any CPU.Build.0 = Release|x86
		{0A742271-2A11-438A-ACEF-17F5D37BC5B9}.AppStore|Any CPU.Deploy.0 = Release|x86
		{0A742271-2A11-438A-ACEF-17F5D37BC5B9}.AppStore|ARM.ActiveCfg = Release|ARM
		{0A742271-2A11-438A-ACEF-17F5D37BC5B9}.AppStore|ARM.Build.0 = Release|ARM
		{0A742271-2A11-438A-ACEF-17F5D37BC5B9}.AppStore|ARM.Deploy.0 = Release|ARM
		{0A742271-2A11-438A-ACEF-17F5D37BC5B9}.AppStore|iPhone.ActiveCfg = Release|x86
		{0A742271-2A11-438A-ACEF-17F5D37BC5B9}.AppStore|iPhone.Build.0 = Release|x86
		{0A742271-2A11-438A-ACEF-17F5D37BC5B9}.AppStore|iPhone.Deploy.0 = Release|x86
		{0A742271-2A11-438A-ACEF-17F5D37BC5B9}.AppStore|iPhoneSimulator.ActiveCfg = Release|x86
		{0A742271-2A11-438A-ACEF-17F5D37BC5B9}.AppStore|iPhoneSimulator.Build.0 = Release|x86
		{0A742271-2A11-438A-ACEF-17F5D37BC5B9}.AppStore|iPhoneSimulator.Deploy.0 = Release|x86
		{0A742271-2A11-438A-ACEF-17F5D37BC5B9}.AppStore|x64.ActiveCfg = Release|x64
		{0A742271-2A11-438A-ACEF-17F5D37BC5B9}.AppStore|x64.Build.0 = Release|x64
		{0A742271-2A11-438A-ACEF-17F5D37BC5B9}.AppStore|x64.Deploy.0 = Release|x64
		{0A742271-2A11-438A-ACEF-17F5D37BC5B9}.AppStore|x86.ActiveCfg = Release|x86
		{0A742271-2A11-438A-ACEF-17F5D37BC5B9}.AppStore|x86.Build.0 = Release|x86
		{0A742271-2A11-438A-ACEF-17F5D37BC5B9}.AppStore|x86.Deploy.0 = Release|x86
		{0A742271-2A11-438A-ACEF-17F5D37BC5B9}.Debug|Any CPU.ActiveCfg = Debug|x86
		{0A742271-2A11-438A-ACEF-17F5D37BC5B9}.Debug|ARM.ActiveCfg = Debug|ARM
		{0A742271-2A11-438A-ACEF-17F5D37BC5B9}.Debug|ARM.Build.0 = Debug|ARM
		{0A742271-2A11-438A-ACEF-17F5D37BC5B9}.Debug|ARM.Deploy.0 = Debug|ARM
		{0A742271-2A11-438A-ACEF-17F5D37BC5B9}.Debug|iPhone.ActiveCfg = Debug|x86
		{0A742271-2A11-438A-ACEF-17F5D37BC5B9}.Debug|iPhoneSimulator.ActiveCfg = Debug|x86
		{0A742271-2A11-438A-ACEF-17F5D37BC5B9}.Debug|x64.ActiveCfg = Debug|x64
		{0A742271-2A11-438A-ACEF-17F5D37BC5B9}.Debug|x64.Build.0 = Debug|x64
		{0A742271-2A11-438A-ACEF-17F5D37BC5B9}.Debug|x64.Deploy.0 = Debug|x64
		{0A742271-2A11-438A-ACEF-17F5D37BC5B9}.Debug|x86.ActiveCfg = Debug|x86
		{0A742271-2A11-438A-ACEF-17F5D37BC5B9}.Debug|x86.Build.0 = Debug|x86
		{0A742271-2A11-438A-ACEF-17F5D37BC5B9}.Debug|x86.Deploy.0 = Debug|x86
		{0A742271-2A11-438A-ACEF-17F5D37BC5B9}.Release|Any CPU.ActiveCfg = Release|x86
		{0A742271-2A11-438A-ACEF-17F5D37BC5B9}.Release|ARM.ActiveCfg = Release|ARM
		{0A742271-2A11-438A-ACEF-17F5D37BC5B9}.Release|ARM.Build.0 = Release|ARM
		{0A742271-2A11-438A-ACEF-17F5D37BC5B9}.Release|ARM.Deploy.0 = Release|ARM
		{0A742271-2A11-438A-ACEF-17F5D37BC5B9}.Release|iPhone.ActiveCfg = Release|x86
		{0A742271-2A11-438A-ACEF-17F5D37BC5B9}.Release|iPhoneSimulator.ActiveCfg = Release|x86
		{0A742271-2A11-438A-ACEF-17F5D37BC5B9}.Release|x64.ActiveCfg = Release|x64
		{0A742271-2A11-438A-ACEF-17F5D37BC5B9}.Release|x64.Build.0 = Release|x64
		{0A742271-2A11-438A-ACEF-17F5D37BC5B9}.Release|x64.Deploy.0 = Release|x64
		{0A742271-2A11-438A-ACEF-17F5D37BC5B9}.Release|x86.ActiveCfg = Release|x86
		{0A742271-2A11-438A-ACEF-17F5D37BC5B9}.Release|x86.Build.0 = Release|x86
		{0A742271-2A11-438A-ACEF-17F5D37BC5B9}.Release|x86.Deploy.0 = Release|x86
		{3E41F0AB-1AED-4A8E-8500-BDAA078E877A}.Ad-Hoc|Any CPU.ActiveCfg = Ad-Hoc|iPhone
		{3E41F0AB-1AED-4A8E-8500-BDAA078E877A}.Ad-Hoc|ARM.ActiveCfg = Ad-Hoc|iPhone
		{3E41F0AB-1AED-4A8E-8500-BDAA078E877A}.Ad-Hoc|iPhone.ActiveCfg = Ad-Hoc|iPhone
		{3E41F0AB-1AED-4A8E-8500-BDAA078E877A}.Ad-Hoc|iPhone.Build.0 = Ad-Hoc|iPhone
		{3E41F0AB-1AED-4A8E-8500-BDAA078E877A}.Ad-Hoc|iPhoneSimulator.ActiveCfg = Ad-Hoc|iPhoneSimulator
		{3E41F0AB-1AED-4A8E-8500-BDAA078E877A}.Ad-Hoc|iPhoneSimulator.Build.0 = Ad-Hoc|iPhoneSimulator
		{3E41F0AB-1AED-4A8E-8500-BDAA078E877A}.Ad-Hoc|x64.ActiveCfg = Ad-Hoc|iPhone
		{3E41F0AB-1AED-4A8E-8500-BDAA078E877A}.Ad-Hoc|x86.ActiveCfg = Ad-Hoc|iPhone
		{3E41F0AB-1AED-4A8E-8500-BDAA078E877A}.AppStore|Any CPU.ActiveCfg = AppStore|iPhone
		{3E41F0AB-1AED-4A8E-8500-BDAA078E877A}.AppStore|ARM.ActiveCfg = AppStore|iPhone
		{3E41F0AB-1AED-4A8E-8500-BDAA078E877A}.AppStore|iPhone.ActiveCfg = AppStore|iPhone
		{3E41F0AB-1AED-4A8E-8500-BDAA078E877A}.AppStore|iPhone.Build.0 = AppStore|iPhone
		{3E41F0AB-1AED-4A8E-8500-BDAA078E877A}.AppStore|iPhoneSimulator.ActiveCfg = AppStore|iPhoneSimulator
		{3E41F0AB-1AED-4A8E-8500-BDAA078E877A}.AppStore|iPhoneSimulator.Build.0 = AppStore|iPhoneSimulator
		{3E41F0AB-1AED-4A8E-8500-BDAA078E877A}.AppStore|x64.ActiveCfg = AppStore|iPhone
		{3E41F0AB-1AED-4A8E-8500-BDAA078E877A}.AppStore|x86.ActiveCfg = AppStore|iPhone
		{3E41F0AB-1AED-4A8E-8500-BDAA078E877A}.Debug|Any CPU.ActiveCfg = Debug|iPhone
		{3E41F0AB-1AED-4A8E-8500-BDAA078E877A}.Debug|ARM.ActiveCfg = Debug|iPhone
		{3E41F0AB-1AED-4A8E-8500-BDAA078E877A}.Debug|iPhone.ActiveCfg = Debug|iPhone
		{3E41F0AB-1AED-4A8E-8500-BDAA078E877A}.Debug|iPhone.Build.0 = Debug|iPhone
		{3E41F0AB-1AED-4A8E-8500-BDAA078E877A}.Debug|iPhoneSimulator.ActiveCfg = Debug|iPhoneSimulator
		{3E41F0AB-1AED-4A8E-8500-BDAA078E877A}.Debug|iPhoneSimulator.Build.0 = Debug|iPhoneSimulator
		{3E41F0AB-1AED-4A8E-8500-BDAA078E877A}.Debug|x64.ActiveCfg = Debug|iPhone
		{3E41F0AB-1AED-4A8E-8500-BDAA078E877A}.Debug|x86.ActiveCfg = Debug|iPhone
		{3E41F0AB-1AED-4A8E-8500-BDAA078E877A}.Release|Any CPU.ActiveCfg = Release|iPhone
		{3E41F0AB-1AED-4A8E-8500-BDAA078E877A}.Release|ARM.ActiveCfg = Release|iPhone
		{3E41F0AB-1AED-4A8E-8500-BDAA078E877A}.Release|iPhone.ActiveCfg = Release|iPhone
		{3E41F0AB-1AED-4A8E-8500-BDAA078E877A}.Release|iPhone.Build.0 = Release|iPhone
		{3E41F0AB-1AED-4A8E-8500-BDAA078E877A}.Release|iPhoneSimulator.ActiveCfg = Release|iPhoneSimulator
		{3E41F0AB-1AED-4A8E-8500-BDAA078E877A}.Release|iPhoneSimulator.Build.0 = Release|iPhoneSimulator
		{3E41F0AB-1AED-4A8E-8500-BDAA078E877A}.Release|x64.ActiveCfg = Release|iPhone
		{3E41F0AB-1AED-4A8E-8500-BDAA078E877A}.Release|x86.ActiveCfg = Release|iPhone
	EndGlobalSection
	GlobalSection(SolutionProperties) = preSolution
		HideSolutionNode = FALSE
	EndGlobalSection
EndGlobal
