
Microsoft Visual Studio Solution File, Format Version 12.00
# Visual Studio 15
VisualStudioVersion = 15.0.26430.16
MinimumVisualStudioVersion = 10.0.40219.1
Project("{FAE04EC0-301F-11D3-BF4B-00C04F79EFBC}") = "AffirmationBar.Android", "AffirmationBar\AffirmationBar\AffirmationBar.Android\AffirmationBar.Android.csproj", "{D3A3C881-3A56-4B39-AADD-5A57E5A1DB7F}"
EndProject
Project("{FAE04EC0-301F-11D3-BF4B-00C04F79EFBC}") = "AffirmationBar", "AffirmationBar\AffirmationBar\AffirmationBar\AffirmationBar.csproj", "{6A8028F7-8869-4948-92F4-730941168B5C}"
EndProject
Project("{FAE04EC0-301F-11D3-BF4B-00C04F79EFBC}") = "AffirmationBar.UWP", "AffirmationBar\AffirmationBar\AffirmationBar.UWP\AffirmationBar.UWP.csproj", "{0A742271-2A11-438A-ACEF-17F5D37BC5B9}"
EndProject
Project("{FAE04EC0-301F-11D3-BF4B-00C04F79EFBC}") = "AffirmationBar.iOS", "AffirmationBar\AffirmationBar\AffirmationBar.iOS\AffirmationBar.iOS.csproj", "{B7E4015B-59BB-4E4B-8558-BFA5E9BE1CE7}"
EndProject
Project("{9A19103F-16F7-4668-BE54-9A1E7A4F7556}") = "SusiAPIClient", "SUSIAPIClient\SusiAPIClient.csproj", "{1674685F-970F-4198-89E6-D5C49AA6FDF0}"
EndProject
Project("{9A19103F-16F7-4668-BE54-9A1E7A4F7556}") = "SusiAPICommon", "SusiAPICommon\SusiAPICommon.csproj", "{82F8FDE8-529D-4760-A0D9-E434FC4B7A92}"
EndProject
Project("{FAE04EC0-301F-11D3-BF4B-00C04F79EFBC}") = "AffirmationBar.WPF", "AffirmationBar.WPF\AffirmationBar.WPF.csproj", "{86398B7B-CBF6-4DA8-804A-728F6BF5FC47}"
EndProject
Global
	GlobalSection(SolutionConfigurationPlatforms) = preSolution
		Ad-Hoc|Any CPU = Ad-Hoc|Any CPU
		Ad-Hoc|ARM = Ad-Hoc|ARM
		Ad-Hoc|iPhone = Ad-Hoc|iPhone
		Ad-Hoc|iPhoneSimulator = Ad-Hoc|iPhoneSimulator
		Ad-Hoc|x64 = Ad-Hoc|x64
		Ad-Hoc|x86 = Ad-Hoc|x86
		AppStore|Any CPU = AppStore|Any CPU
		AppStore|ARM = AppStore|ARM
		AppStore|iPhone = AppStore|iPhone
		AppStore|iPhoneSimulator = AppStore|iPhoneSimulator
		AppStore|x64 = AppStore|x64
		AppStore|x86 = AppStore|x86
		Debug|Any CPU = Debug|Any CPU
		Debug|ARM = Debug|ARM
		Debug|iPhone = Debug|iPhone
		Debug|iPhoneSimulator = Debug|iPhoneSimulator
		Debug|x64 = Debug|x64
		Debug|x86 = Debug|x86
		Release|Any CPU = Release|Any CPU
		Release|ARM = Release|ARM
		Release|iPhone = Release|iPhone
		Release|iPhoneSimulator = Release|iPhoneSimulator
		Release|x64 = Release|x64
		Release|x86 = Release|x86
	EndGlobalSection
	GlobalSection(ProjectConfigurationPlatforms) = postSolution
		{D3A3C881-3A56-4B39-AADD-5A57E5A1DB7F}.Ad-Hoc|Any CPU.ActiveCfg = Release|Any CPU
		{D3A3C881-3A56-4B39-AADD-5A57E5A1DB7F}.Ad-Hoc|Any CPU.Build.0 = Release|Any CPU
		{D3A3C881-3A56-4B39-AADD-5A57E5A1DB7F}.Ad-Hoc|Any CPU.Deploy.0 = Release|Any CPU
		{D3A3C881-3A56-4B39-AADD-5A57E5A1DB7F}.Ad-Hoc|ARM.ActiveCfg = Release|Any CPU
		{D3A3C881-3A56-4B39-AADD-5A57E5A1DB7F}.Ad-Hoc|ARM.Build.0 = Release|Any CPU
		{D3A3C881-3A56-4B39-AADD-5A57E5A1DB7F}.Ad-Hoc|ARM.Deploy.0 = Release|Any CPU
		{D3A3C881-3A56-4B39-AADD-5A57E5A1DB7F}.Ad-Hoc|iPhone.ActiveCfg = Release|Any CPU
		{D3A3C881-3A56-4B39-AADD-5A57E5A1DB7F}.Ad-Hoc|iPhone.Build.0 = Release|Any CPU
		{D3A3C881-3A56-4B39-AADD-5A57E5A1DB7F}.Ad-Hoc|iPhone.Deploy.0 = Release|Any CPU
		{D3A3C881-3A56-4B39-AADD-5A57E5A1DB7F}.Ad-Hoc|iPhoneSimulator.ActiveCfg = Release|Any CPU
		{D3A3C881-3A56-4B39-AADD-5A57E5A1DB7F}.Ad-Hoc|iPhoneSimulator.Build.0 = Release|Any CPU
		{D3A3C881-3A56-4B39-AADD-5A57E5A1DB7F}.Ad-Hoc|iPhoneSimulator.Deploy.0 = Release|Any CPU
		{D3A3C881-3A56-4B39-AADD-5A57E5A1DB7F}.Ad-Hoc|x64.ActiveCfg = Release|Any CPU
		{D3A3C881-3A56-4B39-AADD-5A57E5A1DB7F}.Ad-Hoc|x64.Build.0 = Release|Any CPU
		{D3A3C881-3A56-4B39-AADD-5A57E5A1DB7F}.Ad-Hoc|x64.Deploy.0 = Release|Any CPU
		{D3A3C881-3A56-4B39-AADD-5A57E5A1DB7F}.Ad-Hoc|x86.ActiveCfg = Release|Any CPU
		{D3A3C881-3A56-4B39-AADD-5A57E5A1DB7F}.Ad-Hoc|x86.Build.0 = Release|Any CPU
		{D3A3C881-3A56-4B39-AADD-5A57E5A1DB7F}.Ad-Hoc|x86.Deploy.0 = Release|Any CPU
		{D3A3C881-3A56-4B39-AADD-5A57E5A1DB7F}.AppStore|Any CPU.ActiveCfg = Release|Any CPU
		{D3A3C881-3A56-4B39-AADD-5A57E5A1DB7F}.AppStore|Any CPU.Build.0 = Release|Any CPU
		{D3A3C881-3A56-4B39-AADD-5A57E5A1DB7F}.AppStore|Any CPU.Deploy.0 = Release|Any CPU
		{D3A3C881-3A56-4B39-AADD-5A57E5A1DB7F}.AppStore|ARM.ActiveCfg = Release|Any CPU
		{D3A3C881-3A56-4B39-AADD-5A57E5A1DB7F}.AppStore|ARM.Build.0 = Release|Any CPU
		{D3A3C881-3A56-4B39-AADD-5A57E5A1DB7F}.AppStore|ARM.Deploy.0 = Release|Any CPU
		{D3A3C881-3A56-4B39-AADD-5A57E5A1DB7F}.AppStore|iPhone.ActiveCfg = Release|Any CPU
		{D3A3C881-3A56-4B39-AADD-5A57E5A1DB7F}.AppStore|iPhone.Build.0 = Release|Any CPU
		{D3A3C881-3A56-4B39-AADD-5A57E5A1DB7F}.AppStore|iPhone.Deploy.0 = Release|Any CPU
		{D3A3C881-3A56-4B39-AADD-5A57E5A1DB7F}.AppStore|iPhoneSimulator.ActiveCfg = Release|Any CPU
		{D3A3C881-3A56-4B39-AADD-5A57E5A1DB7F}.AppStore|iPhoneSimulator.Build.0 = Release|Any CPU
		{D3A3C881-3A56-4B39-AADD-5A57E5A1DB7F}.AppStore|iPhoneSimulator.Deploy.0 = Release|Any CPU
		{D3A3C881-3A56-4B39-AADD-5A57E5A1DB7F}.AppStore|x64.ActiveCfg = Release|Any CPU
		{D3A3C881-3A56-4B39-AADD-5A57E5A1DB7F}.AppStore|x64.Build.0 = Release|Any CPU
		{D3A3C881-3A56-4B39-AADD-5A57E5A1DB7F}.AppStore|x64.Deploy.0 = Release|Any CPU
		{D3A3C881-3A56-4B39-AADD-5A57E5A1DB7F}.AppStore|x86.ActiveCfg = Release|Any CPU
		{D3A3C881-3A56-4B39-AADD-5A57E5A1DB7F}.AppStore|x86.Build.0 = Release|Any CPU
		{D3A3C881-3A56-4B39-AADD-5A57E5A1DB7F}.AppStore|x86.Deploy.0 = Release|Any CPU
		{D3A3C881-3A56-4B39-AADD-5A57E5A1DB7F}.Debug|Any CPU.ActiveCfg = Debug|Any CPU
		{D3A3C881-3A56-4B39-AADD-5A57E5A1DB7F}.Debug|Any CPU.Build.0 = Debug|Any CPU
		{D3A3C881-3A56-4B39-AADD-5A57E5A1DB7F}.Debug|Any CPU.Deploy.0 = Debug|Any CPU
		{D3A3C881-3A56-4B39-AADD-5A57E5A1DB7F}.Debug|ARM.ActiveCfg = Debug|Any CPU
		{D3A3C881-3A56-4B39-AADD-5A57E5A1DB7F}.Debug|ARM.Build.0 = Debug|Any CPU
		{D3A3C881-3A56-4B39-AADD-5A57E5A1DB7F}.Debug|ARM.Deploy.0 = Debug|Any CPU
		{D3A3C881-3A56-4B39-AADD-5A57E5A1DB7F}.Debug|iPhone.ActiveCfg = Debug|Any CPU
		{D3A3C881-3A56-4B39-AADD-5A57E5A1DB7F}.Debug|iPhone.Build.0 = Debug|Any CPU
		{D3A3C881-3A56-4B39-AADD-5A57E5A1DB7F}.Debug|iPhone.Deploy.0 = Debug|Any CPU
		{D3A3C881-3A56-4B39-AADD-5A57E5A1DB7F}.Debug|iPhoneSimulator.ActiveCfg = Debug|Any CPU
		{D3A3C881-3A56-4B39-AADD-5A57E5A1DB7F}.Debug|iPhoneSimulator.Build.0 = Debug|Any CPU
		{D3A3C881-3A56-4B39-AADD-5A57E5A1DB7F}.Debug|iPhoneSimulator.Deploy.0 = Debug|Any CPU
		{D3A3C881-3A56-4B39-AADD-5A57E5A1DB7F}.Debug|x64.ActiveCfg = Debug|Any CPU
		{D3A3C881-3A56-4B39-AADD-5A57E5A1DB7F}.Debug|x64.Build.0 = Debug|Any CPU
		{D3A3C881-3A56-4B39-AADD-5A57E5A1DB7F}.Debug|x64.Deploy.0 = Debug|Any CPU
		{D3A3C881-3A56-4B39-AADD-5A57E5A1DB7F}.Debug|x86.ActiveCfg = Debug|Any CPU
		{D3A3C881-3A56-4B39-AADD-5A57E5A1DB7F}.Debug|x86.Build.0 = Debug|Any CPU
		{D3A3C881-3A56-4B39-AADD-5A57E5A1DB7F}.Debug|x86.Deploy.0 = Debug|Any CPU
		{D3A3C881-3A56-4B39-AADD-5A57E5A1DB7F}.Release|Any CPU.ActiveCfg = Release|Any CPU
		{D3A3C881-3A56-4B39-AADD-5A57E5A1DB7F}.Release|Any CPU.Build.0 = Release|Any CPU
		{D3A3C881-3A56-4B39-AADD-5A57E5A1DB7F}.Release|Any CPU.Deploy.0 = Release|Any CPU
		{D3A3C881-3A56-4B39-AADD-5A57E5A1DB7F}.Release|ARM.ActiveCfg = Release|Any CPU
		{D3A3C881-3A56-4B39-AADD-5A57E5A1DB7F}.Release|ARM.Build.0 = Release|Any CPU
		{D3A3C881-3A56-4B39-AADD-5A57E5A1DB7F}.Release|ARM.Deploy.0 = Release|Any CPU
		{D3A3C881-3A56-4B39-AADD-5A57E5A1DB7F}.Release|iPhone.ActiveCfg = Release|Any CPU
		{D3A3C881-3A56-4B39-AADD-5A57E5A1DB7F}.Release|iPhone.Build.0 = Release|Any CPU
		{D3A3C881-3A56-4B39-AADD-5A57E5A1DB7F}.Release|iPhone.Deploy.0 = Release|Any CPU
		{D3A3C881-3A56-4B39-AADD-5A57E5A1DB7F}.Release|iPhoneSimulator.ActiveCfg = Release|Any CPU
		{D3A3C881-3A56-4B39-AADD-5A57E5A1DB7F}.Release|iPhoneSimulator.Build.0 = Release|Any CPU
		{D3A3C881-3A56-4B39-AADD-5A57E5A1DB7F}.Release|iPhoneSimulator.Deploy.0 = Release|Any CPU
		{D3A3C881-3A56-4B39-AADD-5A57E5A1DB7F}.Release|x64.ActiveCfg = Release|Any CPU
		{D3A3C881-3A56-4B39-AADD-5A57E5A1DB7F}.Release|x64.Build.0 = Release|Any CPU
		{D3A3C881-3A56-4B39-AADD-5A57E5A1DB7F}.Release|x64.Deploy.0 = Release|Any CPU
		{D3A3C881-3A56-4B39-AADD-5A57E5A1DB7F}.Release|x86.ActiveCfg = Release|Any CPU
		{D3A3C881-3A56-4B39-AADD-5A57E5A1DB7F}.Release|x86.Build.0 = Release|Any CPU
		{D3A3C881-3A56-4B39-AADD-5A57E5A1DB7F}.Release|x86.Deploy.0 = Release|Any CPU
		{6A8028F7-8869-4948-92F4-730941168B5C}.Ad-Hoc|Any CPU.ActiveCfg = Release|Any CPU
		{6A8028F7-8869-4948-92F4-730941168B5C}.Ad-Hoc|Any CPU.Build.0 = Release|Any CPU
		{6A8028F7-8869-4948-92F4-730941168B5C}.Ad-Hoc|ARM.ActiveCfg = Release|Any CPU
		{6A8028F7-8869-4948-92F4-730941168B5C}.Ad-Hoc|ARM.Build.0 = Release|Any CPU
		{6A8028F7-8869-4948-92F4-730941168B5C}.Ad-Hoc|iPhone.ActiveCfg = Release|Any CPU
		{6A8028F7-8869-4948-92F4-730941168B5C}.Ad-Hoc|iPhone.Build.0 = Release|Any CPU
		{6A8028F7-8869-4948-92F4-730941168B5C}.Ad-Hoc|iPhoneSimulator.ActiveCfg = Release|Any CPU
		{6A8028F7-8869-4948-92F4-730941168B5C}.Ad-Hoc|iPhoneSimulator.Build.0 = Release|Any CPU
		{6A8028F7-8869-4948-92F4-730941168B5C}.Ad-Hoc|x64.ActiveCfg = Release|Any CPU
		{6A8028F7-8869-4948-92F4-730941168B5C}.Ad-Hoc|x64.Build.0 = Release|Any CPU
		{6A8028F7-8869-4948-92F4-730941168B5C}.Ad-Hoc|x86.ActiveCfg = Release|Any CPU
		{6A8028F7-8869-4948-92F4-730941168B5C}.Ad-Hoc|x86.Build.0 = Release|Any CPU
		{6A8028F7-8869-4948-92F4-730941168B5C}.AppStore|Any CPU.ActiveCfg = Release|Any CPU
		{6A8028F7-8869-4948-92F4-730941168B5C}.AppStore|Any CPU.Build.0 = Release|Any CPU
		{6A8028F7-8869-4948-92F4-730941168B5C}.AppStore|ARM.ActiveCfg = Release|Any CPU
		{6A8028F7-8869-4948-92F4-730941168B5C}.AppStore|ARM.Build.0 = Release|Any CPU
		{6A8028F7-8869-4948-92F4-730941168B5C}.AppStore|iPhone.ActiveCfg = Release|Any CPU
		{6A8028F7-8869-4948-92F4-730941168B5C}.AppStore|iPhone.Build.0 = Release|Any CPU
		{6A8028F7-8869-4948-92F4-730941168B5C}.AppStore|iPhoneSimulator.ActiveCfg = Release|Any CPU
		{6A8028F7-8869-4948-92F4-730941168B5C}.AppStore|iPhoneSimulator.Build.0 = Release|Any CPU
		{6A8028F7-8869-4948-92F4-730941168B5C}.AppStore|x64.ActiveCfg = Release|Any CPU
		{6A8028F7-8869-4948-92F4-730941168B5C}.AppStore|x64.Build.0 = Release|Any CPU
		{6A8028F7-8869-4948-92F4-730941168B5C}.AppStore|x86.ActiveCfg = Release|Any CPU
		{6A8028F7-8869-4948-92F4-730941168B5C}.AppStore|x86.Build.0 = Release|Any CPU
		{6A8028F7-8869-4948-92F4-730941168B5C}.Debug|Any CPU.ActiveCfg = Debug|Any CPU
		{6A8028F7-8869-4948-92F4-730941168B5C}.Debug|Any CPU.Build.0 = Debug|Any CPU
		{6A8028F7-8869-4948-92F4-730941168B5C}.Debug|ARM.ActiveCfg = Debug|Any CPU
		{6A8028F7-8869-4948-92F4-730941168B5C}.Debug|ARM.Build.0 = Debug|Any CPU
		{6A8028F7-8869-4948-92F4-730941168B5C}.Debug|iPhone.ActiveCfg = Debug|Any CPU
		{6A8028F7-8869-4948-92F4-730941168B5C}.Debug|iPhone.Build.0 = Debug|Any CPU
		{6A8028F7-8869-4948-92F4-730941168B5C}.Debug|iPhoneSimulator.ActiveCfg = Debug|Any CPU
		{6A8028F7-8869-4948-92F4-730941168B5C}.Debug|iPhoneSimulator.Build.0 = Debug|Any CPU
		{6A8028F7-8869-4948-92F4-730941168B5C}.Debug|x64.ActiveCfg = Debug|Any CPU
		{6A8028F7-8869-4948-92F4-730941168B5C}.Debug|x64.Build.0 = Debug|Any CPU
		{6A8028F7-8869-4948-92F4-730941168B5C}.Debug|x86.ActiveCfg = Debug|Any CPU
		{6A8028F7-8869-4948-92F4-730941168B5C}.Debug|x86.Build.0 = Debug|Any CPU
		{6A8028F7-8869-4948-92F4-730941168B5C}.Release|Any CPU.ActiveCfg = Release|Any CPU
		{6A8028F7-8869-4948-92F4-730941168B5C}.Release|Any CPU.Build.0 = Release|Any CPU
		{6A8028F7-8869-4948-92F4-730941168B5C}.Release|ARM.ActiveCfg = Release|Any CPU
		{6A8028F7-8869-4948-92F4-730941168B5C}.Release|ARM.Build.0 = Release|Any CPU
		{6A8028F7-8869-4948-92F4-730941168B5C}.Release|iPhone.ActiveCfg = Release|Any CPU
		{6A8028F7-8869-4948-92F4-730941168B5C}.Release|iPhone.Build.0 = Release|Any CPU
		{6A8028F7-8869-4948-92F4-730941168B5C}.Release|iPhoneSimulator.ActiveCfg = Release|Any CPU
		{6A8028F7-8869-4948-92F4-730941168B5C}.Release|iPhoneSimulator.Build.0 = Release|Any CPU
		{6A8028F7-8869-4948-92F4-730941168B5C}.Release|x64.ActiveCfg = Release|Any CPU
		{6A8028F7-8869-4948-92F4-730941168B5C}.Release|x64.Build.0 = Release|Any CPU
		{6A8028F7-8869-4948-92F4-730941168B5C}.Release|x86.ActiveCfg = Release|Any CPU
		{6A8028F7-8869-4948-92F4-730941168B5C}.Release|x86.Build.0 = Release|Any CPU
		{0A742271-2A11-438A-ACEF-17F5D37BC5B9}.Ad-Hoc|Any CPU.ActiveCfg = Release|x86
		{0A742271-2A11-438A-ACEF-17F5D37BC5B9}.Ad-Hoc|Any CPU.Build.0 = Release|x86
		{0A742271-2A11-438A-ACEF-17F5D37BC5B9}.Ad-Hoc|Any CPU.Deploy.0 = Release|x86
		{0A742271-2A11-438A-ACEF-17F5D37BC5B9}.Ad-Hoc|ARM.ActiveCfg = Release|ARM
		{0A742271-2A11-438A-ACEF-17F5D37BC5B9}.Ad-Hoc|ARM.Build.0 = Release|ARM
		{0A742271-2A11-438A-ACEF-17F5D37BC5B9}.Ad-Hoc|ARM.Deploy.0 = Release|ARM
		{0A742271-2A11-438A-ACEF-17F5D37BC5B9}.Ad-Hoc|iPhone.ActiveCfg = Release|x86
		{0A742271-2A11-438A-ACEF-17F5D37BC5B9}.Ad-Hoc|iPhone.Build.0 = Release|x86
		{0A742271-2A11-438A-ACEF-17F5D37BC5B9}.Ad-Hoc|iPhone.Deploy.0 = Release|x86
		{0A742271-2A11-438A-ACEF-17F5D37BC5B9}.Ad-Hoc|iPhoneSimulator.ActiveCfg = Release|x86
		{0A742271-2A11-438A-ACEF-17F5D37BC5B9}.Ad-Hoc|iPhoneSimulator.Build.0 = Release|x86
		{0A742271-2A11-438A-ACEF-17F5D37BC5B9}.Ad-Hoc|iPhoneSimulator.Deploy.0 = Release|x86
		{0A742271-2A11-438A-ACEF-17F5D37BC5B9}.Ad-Hoc|x64.ActiveCfg = Release|x64
		{0A742271-2A11-438A-ACEF-17F5D37BC5B9}.Ad-Hoc|x64.Build.0 = Release|x64
		{0A742271-2A11-438A-ACEF-17F5D37BC5B9}.Ad-Hoc|x64.Deploy.0 = Release|x64
		{0A742271-2A11-438A-ACEF-17F5D37BC5B9}.Ad-Hoc|x86.ActiveCfg = Release|x86
		{0A742271-2A11-438A-ACEF-17F5D37BC5B9}.Ad-Hoc|x86.Build.0 = Release|x86
		{0A742271-2A11-438A-ACEF-17F5D37BC5B9}.Ad-Hoc|x86.Deploy.0 = Release|x86
		{0A742271-2A11-438A-ACEF-17F5D37BC5B9}.AppStore|Any CPU.ActiveCfg = Release|x86
		{0A742271-2A11-438A-ACEF-17F5D37BC5B9}.AppStore|Any CPU.Build.0 = Release|x86
		{0A742271-2A11-438A-ACEF-17F5D37BC5B9}.AppStore|Any CPU.Deploy.0 = Release|x86
		{0A742271-2A11-438A-ACEF-17F5D37BC5B9}.AppStore|ARM.ActiveCfg = Release|ARM
		{0A742271-2A11-438A-ACEF-17F5D37BC5B9}.AppStore|ARM.Build.0 = Release|ARM
		{0A742271-2A11-438A-ACEF-17F5D37BC5B9}.AppStore|ARM.Deploy.0 = Release|ARM
		{0A742271-2A11-438A-ACEF-17F5D37BC5B9}.AppStore|iPhone.ActiveCfg = Release|x86
		{0A742271-2A11-438A-ACEF-17F5D37BC5B9}.AppStore|iPhone.Build.0 = Release|x86
		{0A742271-2A11-438A-ACEF-17F5D37BC5B9}.AppStore|iPhone.Deploy.0 = Release|x86
		{0A742271-2A11-438A-ACEF-17F5D37BC5B9}.AppStore|iPhoneSimulator.ActiveCfg = Release|x86
		{0A742271-2A11-438A-ACEF-17F5D37BC5B9}.AppStore|iPhoneSimulator.Build.0 = Release|x86
		{0A742271-2A11-438A-ACEF-17F5D37BC5B9}.AppStore|iPhoneSimulator.Deploy.0 = Release|x86
		{0A742271-2A11-438A-ACEF-17F5D37BC5B9}.AppStore|x64.ActiveCfg = Release|x64
		{0A742271-2A11-438A-ACEF-17F5D37BC5B9}.AppStore|x64.Build.0 = Release|x64
		{0A742271-2A11-438A-ACEF-17F5D37BC5B9}.AppStore|x64.Deploy.0 = Release|x64
		{0A742271-2A11-438A-ACEF-17F5D37BC5B9}.AppStore|x86.ActiveCfg = Release|x86
		{0A742271-2A11-438A-ACEF-17F5D37BC5B9}.AppStore|x86.Build.0 = Release|x86
		{0A742271-2A11-438A-ACEF-17F5D37BC5B9}.AppStore|x86.Deploy.0 = Release|x86
		{0A742271-2A11-438A-ACEF-17F5D37BC5B9}.Debug|Any CPU.ActiveCfg = Debug|x86
		{0A742271-2A11-438A-ACEF-17F5D37BC5B9}.Debug|Any CPU.Build.0 = Debug|x86
		{0A742271-2A11-438A-ACEF-17F5D37BC5B9}.Debug|Any CPU.Deploy.0 = Debug|x86
		{0A742271-2A11-438A-ACEF-17F5D37BC5B9}.Debug|ARM.ActiveCfg = Debug|ARM
		{0A742271-2A11-438A-ACEF-17F5D37BC5B9}.Debug|ARM.Build.0 = Debug|ARM
		{0A742271-2A11-438A-ACEF-17F5D37BC5B9}.Debug|ARM.Deploy.0 = Debug|ARM
		{0A742271-2A11-438A-ACEF-17F5D37BC5B9}.Debug|iPhone.ActiveCfg = Debug|x86
		{0A742271-2A11-438A-ACEF-17F5D37BC5B9}.Debug|iPhoneSimulator.ActiveCfg = Debug|x86
		{0A742271-2A11-438A-ACEF-17F5D37BC5B9}.Debug|x64.ActiveCfg = Debug|x64
		{0A742271-2A11-438A-ACEF-17F5D37BC5B9}.Debug|x64.Build.0 = Debug|x64
		{0A742271-2A11-438A-ACEF-17F5D37BC5B9}.Debug|x64.Deploy.0 = Debug|x64
		{0A742271-2A11-438A-ACEF-17F5D37BC5B9}.Debug|x86.ActiveCfg = Debug|x86
		{0A742271-2A11-438A-ACEF-17F5D37BC5B9}.Debug|x86.Build.0 = Debug|x86
		{0A742271-2A11-438A-ACEF-17F5D37BC5B9}.Debug|x86.Deploy.0 = Debug|x86
		{0A742271-2A11-438A-ACEF-17F5D37BC5B9}.Release|Any CPU.ActiveCfg = Release|x86
		{0A742271-2A11-438A-ACEF-17F5D37BC5B9}.Release|ARM.ActiveCfg = Release|ARM
		{0A742271-2A11-438A-ACEF-17F5D37BC5B9}.Release|ARM.Build.0 = Release|ARM
		{0A742271-2A11-438A-ACEF-17F5D37BC5B9}.Release|ARM.Deploy.0 = Release|ARM
		{0A742271-2A11-438A-ACEF-17F5D37BC5B9}.Release|iPhone.ActiveCfg = Release|x86
		{0A742271-2A11-438A-ACEF-17F5D37BC5B9}.Release|iPhoneSimulator.ActiveCfg = Release|x86
		{0A742271-2A11-438A-ACEF-17F5D37BC5B9}.Release|x64.ActiveCfg = Release|x64
		{0A742271-2A11-438A-ACEF-17F5D37BC5B9}.Release|x64.Build.0 = Release|x64
		{0A742271-2A11-438A-ACEF-17F5D37BC5B9}.Release|x64.Deploy.0 = Release|x64
		{0A742271-2A11-438A-ACEF-17F5D37BC5B9}.Release|x86.ActiveCfg = Release|x86
		{0A742271-2A11-438A-ACEF-17F5D37BC5B9}.Release|x86.Build.0 = Release|x86
		{0A742271-2A11-438A-ACEF-17F5D37BC5B9}.Release|x86.Deploy.0 = Release|x86
		{B7E4015B-59BB-4E4B-8558-BFA5E9BE1CE7}.Ad-Hoc|Any CPU.ActiveCfg = Ad-Hoc|iPhone
		{B7E4015B-59BB-4E4B-8558-BFA5E9BE1CE7}.Ad-Hoc|ARM.ActiveCfg = Ad-Hoc|iPhone
		{B7E4015B-59BB-4E4B-8558-BFA5E9BE1CE7}.Ad-Hoc|iPhone.ActiveCfg = Ad-Hoc|iPhone
		{B7E4015B-59BB-4E4B-8558-BFA5E9BE1CE7}.Ad-Hoc|iPhone.Build.0 = Ad-Hoc|iPhone
		{B7E4015B-59BB-4E4B-8558-BFA5E9BE1CE7}.Ad-Hoc|iPhoneSimulator.ActiveCfg = Ad-Hoc|iPhoneSimulator
		{B7E4015B-59BB-4E4B-8558-BFA5E9BE1CE7}.Ad-Hoc|iPhoneSimulator.Build.0 = Ad-Hoc|iPhoneSimulator
		{B7E4015B-59BB-4E4B-8558-BFA5E9BE1CE7}.Ad-Hoc|x64.ActiveCfg = Ad-Hoc|iPhone
		{B7E4015B-59BB-4E4B-8558-BFA5E9BE1CE7}.Ad-Hoc|x86.ActiveCfg = Ad-Hoc|iPhone
		{B7E4015B-59BB-4E4B-8558-BFA5E9BE1CE7}.AppStore|Any CPU.ActiveCfg = AppStore|iPhone
		{B7E4015B-59BB-4E4B-8558-BFA5E9BE1CE7}.AppStore|ARM.ActiveCfg = AppStore|iPhone
		{B7E4015B-59BB-4E4B-8558-BFA5E9BE1CE7}.AppStore|iPhone.ActiveCfg = AppStore|iPhone
		{B7E4015B-59BB-4E4B-8558-BFA5E9BE1CE7}.AppStore|iPhone.Build.0 = AppStore|iPhone
		{B7E4015B-59BB-4E4B-8558-BFA5E9BE1CE7}.AppStore|iPhoneSimulator.ActiveCfg = AppStore|iPhoneSimulator
		{B7E4015B-59BB-4E4B-8558-BFA5E9BE1CE7}.AppStore|iPhoneSimulator.Build.0 = AppStore|iPhoneSimulator
		{B7E4015B-59BB-4E4B-8558-BFA5E9BE1CE7}.AppStore|x64.ActiveCfg = AppStore|iPhone
		{B7E4015B-59BB-4E4B-8558-BFA5E9BE1CE7}.AppStore|x86.ActiveCfg = AppStore|iPhone
		{B7E4015B-59BB-4E4B-8558-BFA5E9BE1CE7}.Debug|Any CPU.ActiveCfg = Debug|iPhone
		{B7E4015B-59BB-4E4B-8558-BFA5E9BE1CE7}.Debug|ARM.ActiveCfg = Debug|iPhone
		{B7E4015B-59BB-4E4B-8558-BFA5E9BE1CE7}.Debug|iPhone.ActiveCfg = Debug|iPhone
		{B7E4015B-59BB-4E4B-8558-BFA5E9BE1CE7}.Debug|iPhone.Build.0 = Debug|iPhone
		{B7E4015B-59BB-4E4B-8558-BFA5E9BE1CE7}.Debug|iPhoneSimulator.ActiveCfg = Debug|iPhoneSimulator
		{B7E4015B-59BB-4E4B-8558-BFA5E9BE1CE7}.Debug|iPhoneSimulator.Build.0 = Debug|iPhoneSimulator
		{B7E4015B-59BB-4E4B-8558-BFA5E9BE1CE7}.Debug|x64.ActiveCfg = Debug|iPhone
		{B7E4015B-59BB-4E4B-8558-BFA5E9BE1CE7}.Debug|x86.ActiveCfg = Debug|iPhone
		{B7E4015B-59BB-4E4B-8558-BFA5E9BE1CE7}.Release|Any CPU.ActiveCfg = Release|iPhone
		{B7E4015B-59BB-4E4B-8558-BFA5E9BE1CE7}.Release|ARM.ActiveCfg = Release|iPhone
		{B7E4015B-59BB-4E4B-8558-BFA5E9BE1CE7}.Release|iPhone.ActiveCfg = Release|iPhone
		{B7E4015B-59BB-4E4B-8558-BFA5E9BE1CE7}.Release|iPhone.Build.0 = Release|iPhone
		{B7E4015B-59BB-4E4B-8558-BFA5E9BE1CE7}.Release|iPhoneSimulator.ActiveCfg = Release|iPhoneSimulator
		{B7E4015B-59BB-4E4B-8558-BFA5E9BE1CE7}.Release|iPhoneSimulator.Build.0 = Release|iPhoneSimulator
		{B7E4015B-59BB-4E4B-8558-BFA5E9BE1CE7}.Release|x64.ActiveCfg = Release|iPhone
		{B7E4015B-59BB-4E4B-8558-BFA5E9BE1CE7}.Release|x86.ActiveCfg = Release|iPhone
		{1674685F-970F-4198-89E6-D5C49AA6FDF0}.Ad-Hoc|Any CPU.ActiveCfg = Debug|Any CPU
		{1674685F-970F-4198-89E6-D5C49AA6FDF0}.Ad-Hoc|Any CPU.Build.0 = Debug|Any CPU
		{1674685F-970F-4198-89E6-D5C49AA6FDF0}.Ad-Hoc|ARM.ActiveCfg = Debug|Any CPU
		{1674685F-970F-4198-89E6-D5C49AA6FDF0}.Ad-Hoc|ARM.Build.0 = Debug|Any CPU
		{1674685F-970F-4198-89E6-D5C49AA6FDF0}.Ad-Hoc|iPhone.ActiveCfg = Debug|Any CPU
		{1674685F-970F-4198-89E6-D5C49AA6FDF0}.Ad-Hoc|iPhone.Build.0 = Debug|Any CPU
		{1674685F-970F-4198-89E6-D5C49AA6FDF0}.Ad-Hoc|iPhoneSimulator.ActiveCfg = Debug|Any CPU
		{1674685F-970F-4198-89E6-D5C49AA6FDF0}.Ad-Hoc|iPhoneSimulator.Build.0 = Debug|Any CPU
		{1674685F-970F-4198-89E6-D5C49AA6FDF0}.Ad-Hoc|x64.ActiveCfg = Debug|Any CPU
		{1674685F-970F-4198-89E6-D5C49AA6FDF0}.Ad-Hoc|x64.Build.0 = Debug|Any CPU
		{1674685F-970F-4198-89E6-D5C49AA6FDF0}.Ad-Hoc|x86.ActiveCfg = Debug|Any CPU
		{1674685F-970F-4198-89E6-D5C49AA6FDF0}.Ad-Hoc|x86.Build.0 = Debug|Any CPU
		{1674685F-970F-4198-89E6-D5C49AA6FDF0}.AppStore|Any CPU.ActiveCfg = Debug|Any CPU
		{1674685F-970F-4198-89E6-D5C49AA6FDF0}.AppStore|Any CPU.Build.0 = Debug|Any CPU
		{1674685F-970F-4198-89E6-D5C49AA6FDF0}.AppStore|ARM.ActiveCfg = Debug|Any CPU
		{1674685F-970F-4198-89E6-D5C49AA6FDF0}.AppStore|ARM.Build.0 = Debug|Any CPU
		{1674685F-970F-4198-89E6-D5C49AA6FDF0}.AppStore|iPhone.ActiveCfg = Debug|Any CPU
		{1674685F-970F-4198-89E6-D5C49AA6FDF0}.AppStore|iPhone.Build.0 = Debug|Any CPU
		{1674685F-970F-4198-89E6-D5C49AA6FDF0}.AppStore|iPhoneSimulator.ActiveCfg = Debug|Any CPU
		{1674685F-970F-4198-89E6-D5C49AA6FDF0}.AppStore|iPhoneSimulator.Build.0 = Debug|Any CPU
		{1674685F-970F-4198-89E6-D5C49AA6FDF0}.AppStore|x64.ActiveCfg = Debug|Any CPU
		{1674685F-970F-4198-89E6-D5C49AA6FDF0}.AppStore|x64.Build.0 = Debug|Any CPU
		{1674685F-970F-4198-89E6-D5C49AA6FDF0}.AppStore|x86.ActiveCfg = Debug|Any CPU
		{1674685F-970F-4198-89E6-D5C49AA6FDF0}.AppStore|x86.Build.0 = Debug|Any CPU
		{1674685F-970F-4198-89E6-D5C49AA6FDF0}.Debug|Any CPU.ActiveCfg = Debug|Any CPU
		{1674685F-970F-4198-89E6-D5C49AA6FDF0}.Debug|Any CPU.Build.0 = Debug|Any CPU
		{1674685F-970F-4198-89E6-D5C49AA6FDF0}.Debug|ARM.ActiveCfg = Debug|Any CPU
		{1674685F-970F-4198-89E6-D5C49AA6FDF0}.Debug|ARM.Build.0 = Debug|Any CPU
		{1674685F-970F-4198-89E6-D5C49AA6FDF0}.Debug|iPhone.ActiveCfg = Debug|Any CPU
		{1674685F-970F-4198-89E6-D5C49AA6FDF0}.Debug|iPhone.Build.0 = Debug|Any CPU
		{1674685F-970F-4198-89E6-D5C49AA6FDF0}.Debug|iPhoneSimulator.ActiveCfg = Debug|Any CPU
		{1674685F-970F-4198-89E6-D5C49AA6FDF0}.Debug|iPhoneSimulator.Build.0 = Debug|Any CPU
		{1674685F-970F-4198-89E6-D5C49AA6FDF0}.Debug|x64.ActiveCfg = Debug|Any CPU
		{1674685F-970F-4198-89E6-D5C49AA6FDF0}.Debug|x64.Build.0 = Debug|Any CPU
		{1674685F-970F-4198-89E6-D5C49AA6FDF0}.Debug|x86.ActiveCfg = Debug|Any CPU
		{1674685F-970F-4198-89E6-D5C49AA6FDF0}.Debug|x86.Build.0 = Debug|Any CPU
		{1674685F-970F-4198-89E6-D5C49AA6FDF0}.Release|Any CPU.ActiveCfg = Release|Any CPU
		{1674685F-970F-4198-89E6-D5C49AA6FDF0}.Release|Any CPU.Build.0 = Release|Any CPU
		{1674685F-970F-4198-89E6-D5C49AA6FDF0}.Release|ARM.ActiveCfg = Release|Any CPU
		{1674685F-970F-4198-89E6-D5C49AA6FDF0}.Release|ARM.Build.0 = Release|Any CPU
		{1674685F-970F-4198-89E6-D5C49AA6FDF0}.Release|iPhone.ActiveCfg = Release|Any CPU
		{1674685F-970F-4198-89E6-D5C49AA6FDF0}.Release|iPhone.Build.0 = Release|Any CPU
		{1674685F-970F-4198-89E6-D5C49AA6FDF0}.Release|iPhoneSimulator.ActiveCfg = Release|Any CPU
		{1674685F-970F-4198-89E6-D5C49AA6FDF0}.Release|iPhoneSimulator.Build.0 = Release|Any CPU
		{1674685F-970F-4198-89E6-D5C49AA6FDF0}.Release|x64.ActiveCfg = Release|Any CPU
		{1674685F-970F-4198-89E6-D5C49AA6FDF0}.Release|x64.Build.0 = Release|Any CPU
		{1674685F-970F-4198-89E6-D5C49AA6FDF0}.Release|x86.ActiveCfg = Release|Any CPU
		{1674685F-970F-4198-89E6-D5C49AA6FDF0}.Release|x86.Build.0 = Release|Any CPU
		{82F8FDE8-529D-4760-A0D9-E434FC4B7A92}.Ad-Hoc|Any CPU.ActiveCfg = Debug|Any CPU
		{82F8FDE8-529D-4760-A0D9-E434FC4B7A92}.Ad-Hoc|Any CPU.Build.0 = Debug|Any CPU
		{82F8FDE8-529D-4760-A0D9-E434FC4B7A92}.Ad-Hoc|ARM.ActiveCfg = Debug|Any CPU
		{82F8FDE8-529D-4760-A0D9-E434FC4B7A92}.Ad-Hoc|ARM.Build.0 = Debug|Any CPU
		{82F8FDE8-529D-4760-A0D9-E434FC4B7A92}.Ad-Hoc|iPhone.ActiveCfg = Debug|Any CPU
		{82F8FDE8-529D-4760-A0D9-E434FC4B7A92}.Ad-Hoc|iPhone.Build.0 = Debug|Any CPU
		{82F8FDE8-529D-4760-A0D9-E434FC4B7A92}.Ad-Hoc|iPhoneSimulator.ActiveCfg = Debug|Any CPU
		{82F8FDE8-529D-4760-A0D9-E434FC4B7A92}.Ad-Hoc|iPhoneSimulator.Build.0 = Debug|Any CPU
		{82F8FDE8-529D-4760-A0D9-E434FC4B7A92}.Ad-Hoc|x64.ActiveCfg = Debug|Any CPU
		{82F8FDE8-529D-4760-A0D9-E434FC4B7A92}.Ad-Hoc|x64.Build.0 = Debug|Any CPU
		{82F8FDE8-529D-4760-A0D9-E434FC4B7A92}.Ad-Hoc|x86.ActiveCfg = Debug|Any CPU
		{82F8FDE8-529D-4760-A0D9-E434FC4B7A92}.Ad-Hoc|x86.Build.0 = Debug|Any CPU
		{82F8FDE8-529D-4760-A0D9-E434FC4B7A92}.AppStore|Any CPU.ActiveCfg = Debug|Any CPU
		{82F8FDE8-529D-4760-A0D9-E434FC4B7A92}.AppStore|Any CPU.Build.0 = Debug|Any CPU
		{82F8FDE8-529D-4760-A0D9-E434FC4B7A92}.AppStore|ARM.ActiveCfg = Debug|Any CPU
		{82F8FDE8-529D-4760-A0D9-E434FC4B7A92}.AppStore|ARM.Build.0 = Debug|Any CPU
		{82F8FDE8-529D-4760-A0D9-E434FC4B7A92}.AppStore|iPhone.ActiveCfg = Debug|Any CPU
		{82F8FDE8-529D-4760-A0D9-E434FC4B7A92}.AppStore|iPhone.Build.0 = Debug|Any CPU
		{82F8FDE8-529D-4760-A0D9-E434FC4B7A92}.AppStore|iPhoneSimulator.ActiveCfg = Debug|Any CPU
		{82F8FDE8-529D-4760-A0D9-E434FC4B7A92}.AppStore|iPhoneSimulator.Build.0 = Debug|Any CPU
		{82F8FDE8-529D-4760-A0D9-E434FC4B7A92}.AppStore|x64.ActiveCfg = Debug|Any CPU
		{82F8FDE8-529D-4760-A0D9-E434FC4B7A92}.AppStore|x64.Build.0 = Debug|Any CPU
		{82F8FDE8-529D-4760-A0D9-E434FC4B7A92}.AppStore|x86.ActiveCfg = Debug|Any CPU
		{82F8FDE8-529D-4760-A0D9-E434FC4B7A92}.AppStore|x86.Build.0 = Debug|Any CPU
		{82F8FDE8-529D-4760-A0D9-E434FC4B7A92}.Debug|Any CPU.ActiveCfg = Debug|Any CPU
		{82F8FDE8-529D-4760-A0D9-E434FC4B7A92}.Debug|Any CPU.Build.0 = Debug|Any CPU
		{82F8FDE8-529D-4760-A0D9-E434FC4B7A92}.Debug|ARM.ActiveCfg = Debug|Any CPU
		{82F8FDE8-529D-4760-A0D9-E434FC4B7A92}.Debug|ARM.Build.0 = Debug|Any CPU
		{82F8FDE8-529D-4760-A0D9-E434FC4B7A92}.Debug|iPhone.ActiveCfg = Debug|Any CPU
		{82F8FDE8-529D-4760-A0D9-E434FC4B7A92}.Debug|iPhone.Build.0 = Debug|Any CPU
		{82F8FDE8-529D-4760-A0D9-E434FC4B7A92}.Debug|iPhoneSimulator.ActiveCfg = Debug|Any CPU
		{82F8FDE8-529D-4760-A0D9-E434FC4B7A92}.Debug|iPhoneSimulator.Build.0 = Debug|Any CPU
		{82F8FDE8-529D-4760-A0D9-E434FC4B7A92}.Debug|x64.ActiveCfg = Debug|Any CPU
		{82F8FDE8-529D-4760-A0D9-E434FC4B7A92}.Debug|x64.Build.0 = Debug|Any CPU
		{82F8FDE8-529D-4760-A0D9-E434FC4B7A92}.Debug|x86.ActiveCfg = Debug|Any CPU
		{82F8FDE8-529D-4760-A0D9-E434FC4B7A92}.Debug|x86.Build.0 = Debug|Any CPU
		{82F8FDE8-529D-4760-A0D9-E434FC4B7A92}.Release|Any CPU.ActiveCfg = Release|Any CPU
		{82F8FDE8-529D-4760-A0D9-E434FC4B7A92}.Release|Any CPU.Build.0 = Release|Any CPU
		{82F8FDE8-529D-4760-A0D9-E434FC4B7A92}.Release|ARM.ActiveCfg = Release|Any CPU
		{82F8FDE8-529D-4760-A0D9-E434FC4B7A92}.Release|ARM.Build.0 = Release|Any CPU
		{82F8FDE8-529D-4760-A0D9-E434FC4B7A92}.Release|iPhone.ActiveCfg = Release|Any CPU
		{82F8FDE8-529D-4760-A0D9-E434FC4B7A92}.Release|iPhone.Build.0 = Release|Any CPU
		{82F8FDE8-529D-4760-A0D9-E434FC4B7A92}.Release|iPhoneSimulator.ActiveCfg = Release|Any CPU
		{82F8FDE8-529D-4760-A0D9-E434FC4B7A92}.Release|iPhoneSimulator.Build.0 = Release|Any CPU
		{82F8FDE8-529D-4760-A0D9-E434FC4B7A92}.Release|x64.ActiveCfg = Release|Any CPU
		{82F8FDE8-529D-4760-A0D9-E434FC4B7A92}.Release|x64.Build.0 = Release|Any CPU
		{82F8FDE8-529D-4760-A0D9-E434FC4B7A92}.Release|x86.ActiveCfg = Release|Any CPU
		{82F8FDE8-529D-4760-A0D9-E434FC4B7A92}.Release|x86.Build.0 = Release|Any CPU
		{86398B7B-CBF6-4DA8-804A-728F6BF5FC47}.Ad-Hoc|Any CPU.ActiveCfg = Release|Any CPU
		{86398B7B-CBF6-4DA8-804A-728F6BF5FC47}.Ad-Hoc|Any CPU.Build.0 = Release|Any CPU
		{86398B7B-CBF6-4DA8-804A-728F6BF5FC47}.Ad-Hoc|ARM.ActiveCfg = Release|Any CPU
		{86398B7B-CBF6-4DA8-804A-728F6BF5FC47}.Ad-Hoc|ARM.Build.0 = Release|Any CPU
		{86398B7B-CBF6-4DA8-804A-728F6BF5FC47}.Ad-Hoc|iPhone.ActiveCfg = Release|Any CPU
		{86398B7B-CBF6-4DA8-804A-728F6BF5FC47}.Ad-Hoc|iPhone.Build.0 = Release|Any CPU
		{86398B7B-CBF6-4DA8-804A-728F6BF5FC47}.Ad-Hoc|iPhoneSimulator.ActiveCfg = Release|Any CPU
		{86398B7B-CBF6-4DA8-804A-728F6BF5FC47}.Ad-Hoc|iPhoneSimulator.Build.0 = Release|Any CPU
		{86398B7B-CBF6-4DA8-804A-728F6BF5FC47}.Ad-Hoc|x64.ActiveCfg = Release|Any CPU
		{86398B7B-CBF6-4DA8-804A-728F6BF5FC47}.Ad-Hoc|x64.Build.0 = Release|Any CPU
		{86398B7B-CBF6-4DA8-804A-728F6BF5FC47}.Ad-Hoc|x86.ActiveCfg = Release|Any CPU
		{86398B7B-CBF6-4DA8-804A-728F6BF5FC47}.Ad-Hoc|x86.Build.0 = Release|Any CPU
		{86398B7B-CBF6-4DA8-804A-728F6BF5FC47}.AppStore|Any CPU.ActiveCfg = Release|Any CPU
		{86398B7B-CBF6-4DA8-804A-728F6BF5FC47}.AppStore|Any CPU.Build.0 = Release|Any CPU
		{86398B7B-CBF6-4DA8-804A-728F6BF5FC47}.AppStore|ARM.ActiveCfg = Release|Any CPU
		{86398B7B-CBF6-4DA8-804A-728F6BF5FC47}.AppStore|ARM.Build.0 = Release|Any CPU
		{86398B7B-CBF6-4DA8-804A-728F6BF5FC47}.AppStore|iPhone.ActiveCfg = Release|Any CPU
		{86398B7B-CBF6-4DA8-804A-728F6BF5FC47}.AppStore|iPhone.Build.0 = Release|Any CPU
		{86398B7B-CBF6-4DA8-804A-728F6BF5FC47}.AppStore|iPhoneSimulator.ActiveCfg = Release|Any CPU
		{86398B7B-CBF6-4DA8-804A-728F6BF5FC47}.AppStore|iPhoneSimulator.Build.0 = Release|Any CPU
		{86398B7B-CBF6-4DA8-804A-728F6BF5FC47}.AppStore|x64.ActiveCfg = Release|Any CPU
		{86398B7B-CBF6-4DA8-804A-728F6BF5FC47}.AppStore|x64.Build.0 = Release|Any CPU
		{86398B7B-CBF6-4DA8-804A-728F6BF5FC47}.AppStore|x86.ActiveCfg = Release|Any CPU
		{86398B7B-CBF6-4DA8-804A-728F6BF5FC47}.AppStore|x86.Build.0 = Release|Any CPU
		{86398B7B-CBF6-4DA8-804A-728F6BF5FC47}.Debug|Any CPU.ActiveCfg = Debug|Any CPU
		{86398B7B-CBF6-4DA8-804A-728F6BF5FC47}.Debug|Any CPU.Build.0 = Debug|Any CPU
		{86398B7B-CBF6-4DA8-804A-728F6BF5FC47}.Debug|ARM.ActiveCfg = Debug|Any CPU
		{86398B7B-CBF6-4DA8-804A-728F6BF5FC47}.Debug|ARM.Build.0 = Debug|Any CPU
		{86398B7B-CBF6-4DA8-804A-728F6BF5FC47}.Debug|iPhone.ActiveCfg = Debug|Any CPU
		{86398B7B-CBF6-4DA8-804A-728F6BF5FC47}.Debug|iPhone.Build.0 = Debug|Any CPU
		{86398B7B-CBF6-4DA8-804A-728F6BF5FC47}.Debug|iPhoneSimulator.ActiveCfg = Debug|Any CPU
		{86398B7B-CBF6-4DA8-804A-728F6BF5FC47}.Debug|iPhoneSimulator.Build.0 = Debug|Any CPU
		{86398B7B-CBF6-4DA8-804A-728F6BF5FC47}.Debug|x64.ActiveCfg = Debug|Any CPU
		{86398B7B-CBF6-4DA8-804A-728F6BF5FC47}.Debug|x64.Build.0 = Debug|Any CPU
		{86398B7B-CBF6-4DA8-804A-728F6BF5FC47}.Debug|x86.ActiveCfg = Debug|Any CPU
		{86398B7B-CBF6-4DA8-804A-728F6BF5FC47}.Debug|x86.Build.0 = Debug|Any CPU
		{86398B7B-CBF6-4DA8-804A-728F6BF5FC47}.Release|Any CPU.ActiveCfg = Release|Any CPU
		{86398B7B-CBF6-4DA8-804A-728F6BF5FC47}.Release|Any CPU.Build.0 = Release|Any CPU
		{86398B7B-CBF6-4DA8-804A-728F6BF5FC47}.Release|ARM.ActiveCfg = Release|Any CPU
		{86398B7B-CBF6-4DA8-804A-728F6BF5FC47}.Release|ARM.Build.0 = Release|Any CPU
		{86398B7B-CBF6-4DA8-804A-728F6BF5FC47}.Release|iPhone.ActiveCfg = Release|Any CPU
		{86398B7B-CBF6-4DA8-804A-728F6BF5FC47}.Release|iPhone.Build.0 = Release|Any CPU
		{86398B7B-CBF6-4DA8-804A-728F6BF5FC47}.Release|iPhoneSimulator.ActiveCfg = Release|Any CPU
		{86398B7B-CBF6-4DA8-804A-728F6BF5FC47}.Release|iPhoneSimulator.Build.0 = Release|Any CPU
		{86398B7B-CBF6-4DA8-804A-728F6BF5FC47}.Release|x64.ActiveCfg = Release|Any CPU
		{86398B7B-CBF6-4DA8-804A-728F6BF5FC47}.Release|x64.Build.0 = Release|Any CPU
		{86398B7B-CBF6-4DA8-804A-728F6BF5FC47}.Release|x86.ActiveCfg = Release|Any CPU
		{86398B7B-CBF6-4DA8-804A-728F6BF5FC47}.Release|x86.Build.0 = Release|Any CPU
	EndGlobalSection
	GlobalSection(SolutionProperties) = preSolution
		HideSolutionNode = FALSE
	EndGlobalSection
EndGlobal
